version: 6
environments:
  default:
    channels:
    - url: https://conda.anaconda.org/conda-forge/
    indexes:
    - https://pypi.org/simple
    packages:
      osx-64:
      - conda: https://conda.anaconda.org/conda-forge/osx-64/brotli-python-1.1.0-py313h9ea2907_2.conda
      - conda: https://conda.anaconda.org/conda-forge/osx-64/bzip2-1.0.8-hfdf4475_7.conda
      - conda: https://conda.anaconda.org/conda-forge/osx-64/ca-certificates-2025.1.31-h8857fd0_0.conda
      - conda: https://conda.anaconda.org/conda-forge/noarch/certifi-2025.1.31-pyhd8ed1ab_0.conda
      - conda: https://conda.anaconda.org/conda-forge/osx-64/cffi-1.17.1-py313h49682b3_0.conda
      - conda: https://conda.anaconda.org/conda-forge/noarch/charset-normalizer-3.4.1-pyhd8ed1ab_0.conda
      - conda: https://conda.anaconda.org/conda-forge/noarch/h2-4.2.0-pyhd8ed1ab_0.conda
      - conda: https://conda.anaconda.org/conda-forge/noarch/hpack-4.1.0-pyhd8ed1ab_0.conda
      - conda: https://conda.anaconda.org/conda-forge/noarch/hyperframe-6.1.0-pyhd8ed1ab_0.conda
      - conda: https://conda.anaconda.org/conda-forge/noarch/idna-3.10-pyhd8ed1ab_1.conda
      - conda: https://conda.anaconda.org/conda-forge/osx-64/libcxx-20.1.1-hf95d169_0.conda
      - conda: https://conda.anaconda.org/conda-forge/osx-64/libexpat-2.6.4-h240833e_0.conda
      - conda: https://conda.anaconda.org/conda-forge/osx-64/libffi-3.4.6-h281671d_0.conda
      - conda: https://conda.anaconda.org/conda-forge/osx-64/liblzma-5.6.4-hd471939_0.conda
      - conda: https://conda.anaconda.org/conda-forge/osx-64/libmpdec-4.0.0-hfdf4475_0.conda
      - conda: https://conda.anaconda.org/conda-forge/osx-64/libsqlite-3.49.1-hdb6dae5_2.conda
      - conda: https://conda.anaconda.org/conda-forge/osx-64/libzlib-1.3.1-hd23fc13_2.conda
      - conda: https://conda.anaconda.org/conda-forge/osx-64/ncurses-6.5-h0622a9a_3.conda
      - conda: https://conda.anaconda.org/conda-forge/osx-64/openssl-3.4.1-hc426f3f_0.conda
      - conda: https://conda.anaconda.org/conda-forge/noarch/pycparser-2.22-pyh29332c3_1.conda
      - conda: https://conda.anaconda.org/conda-forge/noarch/pysocks-1.7.1-pyha55dd90_7.conda
      - conda: https://conda.anaconda.org/conda-forge/osx-64/python-3.13.2-h534c281_101_cp313.conda
      - conda: https://conda.anaconda.org/conda-forge/osx-64/python_abi-3.13-5_cp313.conda
      - conda: https://conda.anaconda.org/conda-forge/osx-64/readline-8.2-h7cca4af_2.conda
      - conda: https://conda.anaconda.org/conda-forge/noarch/requests-2.32.3-pyhd8ed1ab_1.conda
      - conda: https://conda.anaconda.org/conda-forge/osx-64/tk-8.6.13-h1abcd95_1.conda
      - conda: https://conda.anaconda.org/conda-forge/noarch/tzdata-2025a-h78e105d_0.conda
      - conda: https://conda.anaconda.org/conda-forge/noarch/urllib3-2.3.0-pyhd8ed1ab_0.conda
      - conda: https://conda.anaconda.org/conda-forge/osx-64/zstandard-0.23.0-py313h63b0ddb_1.conda
      - pypi: https://files.pythonhosted.org/packages/2f/7a/874c46ad2d14998bc2eedac1133c5299e12fe728d2ce91b4d64f2fcc5089/absl_py-2.2.0-py3-none-any.whl
      - pypi: https://files.pythonhosted.org/packages/dd/71/40ee142e564b8a34a7ae9546e99e665e0001011a3254d5bbbe113d72ccba/etils-1.12.2-py3-none-any.whl
      - pypi: https://files.pythonhosted.org/packages/56/53/eb690efa8513166adef3e0669afd31e95ffde69fb3c52ec2ac7223ed6018/fsspec-2025.3.0-py3-none-any.whl
      - pypi: https://files.pythonhosted.org/packages/b6/f1/4d412c337cba7aa2f77bac46df463ab0cf8c82dd70a02f75c915e506fb15/glfw-2.8.0-py2.py27.py3.py30.py31.py32.py33.py34.py35.py36.py37.py38.p39.p310.p311.p312.p313-none-macosx_10_6_intel.whl
      - pypi: https://files.pythonhosted.org/packages/a4/ed/1f1afb2e9e7f38a545d628f864d562a5ae64fe6f7a10e28ffb9b185b4e89/importlib_resources-6.5.2-py3-none-any.whl
      - pypi: https://files.pythonhosted.org/packages/26/bc/0ee22fa1451b7e5b6194973c2427e58ddb347b52519ac1ecd75d7040859f/mujoco-3.3.0-cp313-cp313-macosx_10_16_x86_64.whl
      - pypi: https://files.pythonhosted.org/packages/2a/d0/bd5ad792e78017f5decfb2ecc947422a3669a34f775679a76317af671ffc/numpy-2.2.4-cp313-cp313-macosx_10_13_x86_64.whl
      - pypi: https://files.pythonhosted.org/packages/92/44/8634af40b0db528b5b37e901c0dc67321354880d251bf8965901d57693a5/PyOpenGL-3.1.9-py3-none-any.whl
      - pypi: https://files.pythonhosted.org/packages/14/0f/bdb12758448b52497dba7a3bbfb5855dfb29129c64ddbda4da56c4b11f6c/PySide6-6.8.2.1-cp39-abi3-macosx_12_0_universal2.whl
      - pypi: https://files.pythonhosted.org/packages/6e/79/a868ffac6eb446afdd25312b61872d0d11173032d50320d48b5277b68ccf/PySide6_Addons-6.8.2.1-cp39-abi3-macosx_12_0_universal2.whl
      - pypi: https://files.pythonhosted.org/packages/01/bb/0127a53530cec0f9e7268e2fe235322b7b6e592caeb36c558b64da6ec52c/PySide6_Essentials-6.8.2.1-cp39-abi3-macosx_12_0_universal2.whl
      - pypi: https://files.pythonhosted.org/packages/d8/8f/71ccc3642edb59efaca35d4ba974248b1d7847f5e4d87d3ea323e73b2cab/shiboken6-6.8.2.1-cp39-abi3-macosx_12_0_universal2.whl
      - pypi: https://files.pythonhosted.org/packages/26/9f/ad63fc0248c5379346306f8668cda6e2e2e9c95e01216d2b8ffd9ff037d0/typing_extensions-4.12.2-py3-none-any.whl
      - pypi: https://files.pythonhosted.org/packages/b7/1a/7e4798e9339adc931158c9d69ecc34f5e6791489d469f5e50ec15e35f458/zipp-3.21.0-py3-none-any.whl
      - pypi: .
packages:
- pypi: https://files.pythonhosted.org/packages/2f/7a/874c46ad2d14998bc2eedac1133c5299e12fe728d2ce91b4d64f2fcc5089/absl_py-2.2.0-py3-none-any.whl
  name: absl-py
  version: 2.2.0
  sha256: 5c432cdf7b045f89c4ddc3bba196cabb389c0c321322f8dec68eecdfa732fdad
  requires_python: '>=3.8'
- conda: https://conda.anaconda.org/conda-forge/osx-64/brotli-python-1.1.0-py313h9ea2907_2.conda
  sha256: a8ff547af4de5d2d6cb84543a73f924dbbd60029920dbadc27298ea0b48f28bc
  md5: 38ab121f341a1d8613c3898f36efecab
  depends:
  - __osx >=10.13
  - libcxx >=17
  - python >=3.13.0rc1,<3.14.0a0
  - python_abi 3.13.* *_cp313
  constrains:
  - libbrotlicommon 1.1.0 h00291cd_2
  license: MIT
  license_family: MIT
  purls:
  - pkg:pypi/brotli?source=hash-mapping
  size: 363156
  timestamp: 1725268004102
- conda: https://conda.anaconda.org/conda-forge/osx-64/bzip2-1.0.8-hfdf4475_7.conda
  sha256: cad153608b81fb24fc8c509357daa9ae4e49dfc535b2cb49b91e23dbd68fc3c5
  md5: 7ed4301d437b59045be7e051a0308211
  depends:
  - __osx >=10.13
  license: bzip2-1.0.6
  license_family: BSD
  purls: []
  size: 134188
  timestamp: 1720974491916
- conda: https://conda.anaconda.org/conda-forge/osx-64/ca-certificates-2025.1.31-h8857fd0_0.conda
  sha256: 42e911ee2d8808eacedbec46d99b03200a6138b8e8a120bd8acabe1cac41c63b
  md5: 3418b6c8cac3e71c0bc089fc5ea53042
  license: ISC
  purls: []
  size: 158408
  timestamp: 1738298385933
- conda: https://conda.anaconda.org/conda-forge/noarch/certifi-2025.1.31-pyhd8ed1ab_0.conda
  sha256: 42a78446da06a2568cb13e69be3355169fbd0ea424b00fc80b7d840f5baaacf3
  md5: c207fa5ac7ea99b149344385a9c0880d
  depends:
  - python >=3.9
  license: ISC
  purls:
  - pkg:pypi/certifi?source=compressed-mapping
  size: 162721
  timestamp: 1739515973129
- conda: https://conda.anaconda.org/conda-forge/osx-64/cffi-1.17.1-py313h49682b3_0.conda
  sha256: 660c8f8488f78c500a1bb4a803c31403104b1ee2cabf1476a222a3b8abf5a4d7
  md5: 98afc301e6601a3480f9e0b9f8867ee0
  depends:
  - __osx >=10.13
  - libffi >=3.4,<4.0a0
  - pycparser
  - python >=3.13.0rc1,<3.14.0a0
  - python_abi 3.13.* *_cp313
  license: MIT
  license_family: MIT
  purls:
  - pkg:pypi/cffi?source=hash-mapping
  size: 284540
  timestamp: 1725560667915
- conda: https://conda.anaconda.org/conda-forge/noarch/charset-normalizer-3.4.1-pyhd8ed1ab_0.conda
  sha256: 4e0ee91b97e5de3e74567bdacea27f0139709fceca4db8adffbe24deffccb09b
  md5: e83a31202d1c0a000fce3e9cf3825875
  depends:
  - python >=3.9
  license: MIT
  license_family: MIT
  purls:
  - pkg:pypi/charset-normalizer?source=hash-mapping
  size: 47438
  timestamp: 1735929811779
- pypi: https://files.pythonhosted.org/packages/dd/71/40ee142e564b8a34a7ae9546e99e665e0001011a3254d5bbbe113d72ccba/etils-1.12.2-py3-none-any.whl
  name: etils
  version: 1.12.2
  sha256: 4600bec9de6cf5cb043a171e1856e38b5f273719cf3ecef90199f7091a6b3912
  requires_dist:
  - etils[array-types] ; extra == 'all'
  - etils[eapp] ; extra == 'all'
  - etils[ecolab] ; extra == 'all'
  - etils[edc] ; extra == 'all'
  - etils[enp] ; extra == 'all'
  - etils[epath] ; extra == 'all'
  - etils[epath-gcs] ; extra == 'all'
  - etils[epath-s3] ; extra == 'all'
  - etils[epy] ; extra == 'all'
  - etils[etqdm] ; extra == 'all'
  - etils[etree] ; extra == 'all'
  - etils[etree-dm] ; extra == 'all'
  - etils[etree-jax] ; extra == 'all'
  - etils[etree-tf] ; extra == 'all'
  - etils[enp] ; extra == 'array-types'
  - pytest ; extra == 'dev'
  - pytest-subtests ; extra == 'dev'
  - pytest-xdist ; extra == 'dev'
  - pyink ; extra == 'dev'
  - pylint>=2.6.0 ; extra == 'dev'
  - chex ; extra == 'dev'
  - fiddle ; extra == 'dev'
  - torch ; extra == 'dev'
  - optree ; extra == 'dev'
  - tensorflow-datasets ; extra == 'dev'
  - pydantic ; extra == 'dev'
  - sphinx-apitree[ext] ; extra == 'docs'
  - etils[dev,all] ; extra == 'docs'
  - absl-py ; extra == 'eapp'
  - simple-parsing ; extra == 'eapp'
  - etils[epy] ; extra == 'eapp'
  - jupyter ; extra == 'ecolab'
  - numpy ; extra == 'ecolab'
  - mediapy ; extra == 'ecolab'
  - packaging ; extra == 'ecolab'
  - protobuf ; extra == 'ecolab'
  - etils[enp] ; extra == 'ecolab'
  - etils[epy] ; extra == 'ecolab'
  - etils[etree] ; extra == 'ecolab'
  - etils[epy] ; extra == 'edc'
  - numpy ; extra == 'enp'
  - einops ; extra == 'enp'
  - etils[epy] ; extra == 'enp'
  - fsspec ; extra == 'epath'
  - importlib-resources ; extra == 'epath'
  - typing-extensions ; extra == 'epath'
  - zipp ; extra == 'epath'
  - etils[epy] ; extra == 'epath'
  - gcsfs ; extra == 'epath-gcs'
  - etils[epath] ; extra == 'epath-gcs'
  - s3fs ; extra == 'epath-s3'
  - etils[epath] ; extra == 'epath-s3'
  - typing-extensions ; extra == 'epy'
  - absl-py ; extra == 'etqdm'
  - tqdm ; extra == 'etqdm'
  - etils[epy] ; extra == 'etqdm'
  - etils[array-types] ; extra == 'etree'
  - etils[epy] ; extra == 'etree'
  - etils[enp] ; extra == 'etree'
  - etils[etqdm] ; extra == 'etree'
  - dm-tree ; extra == 'etree-dm'
  - etils[etree] ; extra == 'etree-dm'
  - jax[cpu] ; extra == 'etree-jax'
  - etils[etree] ; extra == 'etree-jax'
  - tensorflow ; extra == 'etree-tf'
  - etils[etree] ; extra == 'etree-tf'
  - etils[ecolab] ; extra == 'lazy-imports'
  requires_python: '>=3.10'
- pypi: https://files.pythonhosted.org/packages/56/53/eb690efa8513166adef3e0669afd31e95ffde69fb3c52ec2ac7223ed6018/fsspec-2025.3.0-py3-none-any.whl
  name: fsspec
  version: 2025.3.0
  sha256: efb87af3efa9103f94ca91a7f8cb7a4df91af9f74fc106c9c7ea0efd7277c1b3
  requires_dist:
  - adlfs ; extra == 'abfs'
  - adlfs ; extra == 'adl'
  - pyarrow>=1 ; extra == 'arrow'
  - dask ; extra == 'dask'
  - distributed ; extra == 'dask'
  - pre-commit ; extra == 'dev'
  - ruff ; extra == 'dev'
  - numpydoc ; extra == 'doc'
  - sphinx ; extra == 'doc'
  - sphinx-design ; extra == 'doc'
  - sphinx-rtd-theme ; extra == 'doc'
  - yarl ; extra == 'doc'
  - dropbox ; extra == 'dropbox'
  - dropboxdrivefs ; extra == 'dropbox'
  - requests ; extra == 'dropbox'
  - adlfs ; extra == 'full'
  - aiohttp!=4.0.0a0,!=4.0.0a1 ; extra == 'full'
  - dask ; extra == 'full'
  - distributed ; extra == 'full'
  - dropbox ; extra == 'full'
  - dropboxdrivefs ; extra == 'full'
  - fusepy ; extra == 'full'
  - gcsfs ; extra == 'full'
  - libarchive-c ; extra == 'full'
  - ocifs ; extra == 'full'
  - panel ; extra == 'full'
  - paramiko ; extra == 'full'
  - pyarrow>=1 ; extra == 'full'
  - pygit2 ; extra == 'full'
  - requests ; extra == 'full'
  - s3fs ; extra == 'full'
  - smbprotocol ; extra == 'full'
  - tqdm ; extra == 'full'
  - fusepy ; extra == 'fuse'
  - gcsfs ; extra == 'gcs'
  - pygit2 ; extra == 'git'
  - requests ; extra == 'github'
  - gcsfs ; extra == 'gs'
  - panel ; extra == 'gui'
  - pyarrow>=1 ; extra == 'hdfs'
  - aiohttp!=4.0.0a0,!=4.0.0a1 ; extra == 'http'
  - libarchive-c ; extra == 'libarchive'
  - ocifs ; extra == 'oci'
  - s3fs ; extra == 's3'
  - paramiko ; extra == 'sftp'
  - smbprotocol ; extra == 'smb'
  - paramiko ; extra == 'ssh'
  - aiohttp!=4.0.0a0,!=4.0.0a1 ; extra == 'test'
  - numpy ; extra == 'test'
  - pytest ; extra == 'test'
  - pytest-asyncio!=0.22.0 ; extra == 'test'
  - pytest-benchmark ; extra == 'test'
  - pytest-cov ; extra == 'test'
  - pytest-mock ; extra == 'test'
  - pytest-recording ; extra == 'test'
  - pytest-rerunfailures ; extra == 'test'
  - requests ; extra == 'test'
  - aiobotocore>=2.5.4,<3.0.0 ; extra == 'test-downstream'
  - dask[dataframe,test] ; extra == 'test-downstream'
  - moto[server]>4,<5 ; extra == 'test-downstream'
  - pytest-timeout ; extra == 'test-downstream'
  - xarray ; extra == 'test-downstream'
  - adlfs ; extra == 'test-full'
  - aiohttp!=4.0.0a0,!=4.0.0a1 ; extra == 'test-full'
  - cloudpickle ; extra == 'test-full'
  - dask ; extra == 'test-full'
  - distributed ; extra == 'test-full'
  - dropbox ; extra == 'test-full'
  - dropboxdrivefs ; extra == 'test-full'
  - fastparquet ; extra == 'test-full'
  - fusepy ; extra == 'test-full'
  - gcsfs ; extra == 'test-full'
  - jinja2 ; extra == 'test-full'
  - kerchunk ; extra == 'test-full'
  - libarchive-c ; extra == 'test-full'
  - lz4 ; extra == 'test-full'
  - notebook ; extra == 'test-full'
  - numpy ; extra == 'test-full'
  - ocifs ; extra == 'test-full'
  - pandas ; extra == 'test-full'
  - panel ; extra == 'test-full'
  - paramiko ; extra == 'test-full'
  - pyarrow ; extra == 'test-full'
  - pyarrow>=1 ; extra == 'test-full'
  - pyftpdlib ; extra == 'test-full'
  - pygit2 ; extra == 'test-full'
  - pytest ; extra == 'test-full'
  - pytest-asyncio!=0.22.0 ; extra == 'test-full'
  - pytest-benchmark ; extra == 'test-full'
  - pytest-cov ; extra == 'test-full'
  - pytest-mock ; extra == 'test-full'
  - pytest-recording ; extra == 'test-full'
  - pytest-rerunfailures ; extra == 'test-full'
  - python-snappy ; extra == 'test-full'
  - requests ; extra == 'test-full'
  - smbprotocol ; extra == 'test-full'
  - tqdm ; extra == 'test-full'
  - urllib3 ; extra == 'test-full'
  - zarr ; extra == 'test-full'
  - zstandard ; extra == 'test-full'
  - tqdm ; extra == 'tqdm'
  requires_python: '>=3.8'
- pypi: https://files.pythonhosted.org/packages/b6/f1/4d412c337cba7aa2f77bac46df463ab0cf8c82dd70a02f75c915e506fb15/glfw-2.8.0-py2.py27.py3.py30.py31.py32.py33.py34.py35.py36.py37.py38.p39.p310.p311.p312.p313-none-macosx_10_6_intel.whl
  name: glfw
  version: 2.8.0
  sha256: 28aaef2f022b57cd37525ad1d11ba9049931a273359964fb3cd36762eb093ed1
  requires_dist:
  - glfw-preview ; extra == 'preview'
- conda: https://conda.anaconda.org/conda-forge/noarch/h2-4.2.0-pyhd8ed1ab_0.conda
  sha256: 0aa1cdc67a9fe75ea95b5644b734a756200d6ec9d0dff66530aec3d1c1e9df75
  md5: b4754fb1bdcb70c8fd54f918301582c6
  depends:
  - hpack >=4.1,<5
  - hyperframe >=6.1,<7
  - python >=3.9
  license: MIT
  license_family: MIT
  purls:
  - pkg:pypi/h2?source=hash-mapping
  size: 53888
  timestamp: 1738578623567
- conda: https://conda.anaconda.org/conda-forge/noarch/hpack-4.1.0-pyhd8ed1ab_0.conda
  sha256: 6ad78a180576c706aabeb5b4c8ceb97c0cb25f1e112d76495bff23e3779948ba
  md5: 0a802cb9888dd14eeefc611f05c40b6e
  depends:
  - python >=3.9
  license: MIT
  license_family: MIT
  purls:
  - pkg:pypi/hpack?source=hash-mapping
  size: 30731
  timestamp: 1737618390337
- conda: https://conda.anaconda.org/conda-forge/noarch/hyperframe-6.1.0-pyhd8ed1ab_0.conda
  sha256: 77af6f5fe8b62ca07d09ac60127a30d9069fdc3c68d6b256754d0ffb1f7779f8
  md5: 8e6923fc12f1fe8f8c4e5c9f343256ac
  depends:
  - python >=3.9
  license: MIT
  license_family: MIT
  purls:
  - pkg:pypi/hyperframe?source=hash-mapping
  size: 17397
  timestamp: 1737618427549
- conda: https://conda.anaconda.org/conda-forge/noarch/idna-3.10-pyhd8ed1ab_1.conda
  sha256: d7a472c9fd479e2e8dcb83fb8d433fce971ea369d704ece380e876f9c3494e87
  md5: 39a4f67be3286c86d696df570b1201b7
  depends:
  - python >=3.9
  license: BSD-3-Clause
  license_family: BSD
  purls:
  - pkg:pypi/idna?source=hash-mapping
  size: 49765
  timestamp: 1733211921194
- pypi: https://files.pythonhosted.org/packages/a4/ed/1f1afb2e9e7f38a545d628f864d562a5ae64fe6f7a10e28ffb9b185b4e89/importlib_resources-6.5.2-py3-none-any.whl
  name: importlib-resources
  version: 6.5.2
  sha256: 789cfdc3ed28c78b67a06acb8126751ced69a3d5f79c095a98298cd8a760ccec
  requires_dist:
  - zipp>=3.1.0 ; python_full_version < '3.10'
  - pytest>=6,!=8.1.* ; extra == 'test'
  - zipp>=3.17 ; extra == 'test'
  - jaraco-test>=5.4 ; extra == 'test'
  - sphinx>=3.5 ; extra == 'doc'
  - jaraco-packaging>=9.3 ; extra == 'doc'
  - rst-linker>=1.9 ; extra == 'doc'
  - furo ; extra == 'doc'
  - sphinx-lint ; extra == 'doc'
  - jaraco-tidelift>=1.4 ; extra == 'doc'
  - pytest-checkdocs>=2.4 ; extra == 'check'
  - pytest-ruff>=0.2.1 ; sys_platform != 'cygwin' and extra == 'check'
  - pytest-cov ; extra == 'cover'
  - pytest-enabler>=2.2 ; extra == 'enabler'
  - pytest-mypy ; extra == 'type'
  requires_python: '>=3.9'
- conda: https://conda.anaconda.org/conda-forge/osx-64/libcxx-20.1.1-hf95d169_0.conda
  sha256: b30ef239517cfffb71d8ece7b903afe2a1bac0425f5bd38976b35d3cbf77312b
  md5: 85cff0ed95d940c4762d5a99a6fe34ae
  depends:
  - __osx >=10.13
  license: Apache-2.0 WITH LLVM-exception
  license_family: Apache
  purls: []
  size: 562132
  timestamp: 1742449741333
- conda: https://conda.anaconda.org/conda-forge/osx-64/libexpat-2.6.4-h240833e_0.conda
  sha256: d10f43d0c5df6c8cf55259bce0fe14d2377eed625956cddce06f58827d288c59
  md5: 20307f4049a735a78a29073be1be2626
  depends:
  - __osx >=10.13
  constrains:
  - expat 2.6.4.*
  license: MIT
  license_family: MIT
  purls: []
  size: 70758
  timestamp: 1730967204736
- conda: https://conda.anaconda.org/conda-forge/osx-64/libffi-3.4.6-h281671d_0.conda
  sha256: 7805fdc536a3da7fb63dc48e040105cd4260c69a1d2bf5804dadd31bde8bab51
  md5: b8667b0d0400b8dcb6844d8e06b2027d
  depends:
  - __osx >=10.13
  license: MIT
  license_family: MIT
  purls: []
  size: 47258
  timestamp: 1739260651925
- conda: https://conda.anaconda.org/conda-forge/osx-64/liblzma-5.6.4-hd471939_0.conda
  sha256: a895b5b16468a6ed436f022d72ee52a657f9b58214b91fabfab6230e3592a6dd
  md5: db9d7b0152613f097cdb61ccf9f70ef5
  depends:
  - __osx >=10.13
  license: 0BSD
  purls: []
  size: 103749
  timestamp: 1738525448522
- conda: https://conda.anaconda.org/conda-forge/osx-64/libmpdec-4.0.0-hfdf4475_0.conda
  sha256: 791be3d30d8e37ec49bcc23eb8f1e1415d911a7c023fa93685f2ea485179e258
  md5: ed625b2e59dff82859c23dd24774156b
  depends:
  - __osx >=10.13
  license: BSD-2-Clause
  license_family: BSD
  purls: []
  size: 76561
  timestamp: 1723817691512
- conda: https://conda.anaconda.org/conda-forge/osx-64/libsqlite-3.49.1-hdb6dae5_2.conda
  sha256: 82695c9b16a702de615c8303387384c6ec5cf8b98e16458e5b1935b950e4ec38
  md5: 1819e770584a7e83a81541d8253cbabe
  depends:
  - __osx >=10.13
  - libzlib >=1.3.1,<2.0a0
  license: Unlicense
  purls: []
  size: 977701
  timestamp: 1742083869897
- conda: https://conda.anaconda.org/conda-forge/osx-64/libzlib-1.3.1-hd23fc13_2.conda
  sha256: 8412f96504fc5993a63edf1e211d042a1fd5b1d51dedec755d2058948fcced09
  md5: 003a54a4e32b02f7355b50a837e699da
  depends:
  - __osx >=10.13
  constrains:
  - zlib 1.3.1 *_2
  license: Zlib
  license_family: Other
  purls: []
  size: 57133
  timestamp: 1727963183990
- pypi: https://files.pythonhosted.org/packages/26/bc/0ee22fa1451b7e5b6194973c2427e58ddb347b52519ac1ecd75d7040859f/mujoco-3.3.0-cp313-cp313-macosx_10_16_x86_64.whl
  name: mujoco
  version: 3.3.0
  sha256: f4ffdc689319a8d5e692ef19634893d29e2b88fc76b43493a958463047cd9a05
  requires_dist:
  - absl-py
  - etils[epath]
  - glfw
  - numpy
  - pyopengl
  - usd-core ; extra == 'usd'
  - pillow ; extra == 'usd'
  requires_python: '>=3.9'
- conda: https://conda.anaconda.org/conda-forge/osx-64/ncurses-6.5-h0622a9a_3.conda
  sha256: ea4a5d27ded18443749aefa49dc79f6356da8506d508b5296f60b8d51e0c4bd9
  md5: ced34dd9929f491ca6dab6a2927aff25
  depends:
  - __osx >=10.13
  license: X11 AND BSD-3-Clause
  purls: []
  size: 822259
  timestamp: 1738196181298
- pypi: https://files.pythonhosted.org/packages/2a/d0/bd5ad792e78017f5decfb2ecc947422a3669a34f775679a76317af671ffc/numpy-2.2.4-cp313-cp313-macosx_10_13_x86_64.whl
  name: numpy
  version: 2.2.4
  sha256: 1cf4e5c6a278d620dee9ddeb487dc6a860f9b199eadeecc567f777daace1e9e7
  requires_python: '>=3.10'
- conda: https://conda.anaconda.org/conda-forge/osx-64/openssl-3.4.1-hc426f3f_0.conda
  sha256: 505a46671dab5d66df8e684f99a9ae735a607816b12810b572d63caa512224df
  md5: a7d63f8e7ab23f71327ea6d27e2d5eae
  depends:
  - __osx >=10.13
  - ca-certificates
  license: Apache-2.0
  license_family: Apache
  purls: []
  size: 2591479
  timestamp: 1739302628009
- conda: https://conda.anaconda.org/conda-forge/noarch/pycparser-2.22-pyh29332c3_1.conda
  sha256: 79db7928d13fab2d892592223d7570f5061c192f27b9febd1a418427b719acc6
  md5: 12c566707c80111f9799308d9e265aef
  depends:
  - python >=3.9
  - python
  license: BSD-3-Clause
  license_family: BSD
  purls: []
  size: 110100
  timestamp: 1733195786147
- pypi: https://files.pythonhosted.org/packages/92/44/8634af40b0db528b5b37e901c0dc67321354880d251bf8965901d57693a5/PyOpenGL-3.1.9-py3-none-any.whl
  name: pyopengl
  version: 3.1.9
  sha256: 15995fd3b0deb991376805da36137a4ae5aba6ddbb5e29ac1f35462d130a3f77
- pypi: https://files.pythonhosted.org/packages/14/0f/bdb12758448b52497dba7a3bbfb5855dfb29129c64ddbda4da56c4b11f6c/PySide6-6.8.2.1-cp39-abi3-macosx_12_0_universal2.whl
  name: pyside6
  version: 6.8.2.1
  sha256: 3fcb551729f235475b2abe7d919027de54a65d850e744f60716f890202273720
  requires_dist:
  - shiboken6==6.8.2.1
  - pyside6-essentials==6.8.2.1
  - pyside6-addons==6.8.2.1
  requires_python: '>=3.9,<3.14'
- pypi: https://files.pythonhosted.org/packages/6e/79/a868ffac6eb446afdd25312b61872d0d11173032d50320d48b5277b68ccf/PySide6_Addons-6.8.2.1-cp39-abi3-macosx_12_0_universal2.whl
  name: pyside6-addons
  version: 6.8.2.1
  sha256: 5558816018042fecd0d782111ced529585a23ea9a010b518f8495764f578a01f
  requires_dist:
  - shiboken6==6.8.2.1
  - pyside6-essentials==6.8.2.1
  requires_python: '>=3.9,<3.14'
- pypi: https://files.pythonhosted.org/packages/01/bb/0127a53530cec0f9e7268e2fe235322b7b6e592caeb36c558b64da6ec52c/PySide6_Essentials-6.8.2.1-cp39-abi3-macosx_12_0_universal2.whl
  name: pyside6-essentials
  version: 6.8.2.1
  sha256: ae5cc48f7e9a08e73e3ec2387ce245c8150e620b8d5a87548ebd4b8e3aeae49b
  requires_dist:
  - shiboken6==6.8.2.1
  requires_python: '>=3.9,<3.14'
- conda: https://conda.anaconda.org/conda-forge/noarch/pysocks-1.7.1-pyha55dd90_7.conda
  sha256: ba3b032fa52709ce0d9fd388f63d330a026754587a2f461117cac9ab73d8d0d8
  md5: 461219d1a5bd61342293efa2c0c90eac
  depends:
  - __unix
  - python >=3.9
  license: BSD-3-Clause
  license_family: BSD
  purls:
  - pkg:pypi/pysocks?source=hash-mapping
  size: 21085
  timestamp: 1733217331982
- conda: https://conda.anaconda.org/conda-forge/osx-64/python-3.13.2-h534c281_101_cp313.conda
  build_number: 101
  sha256: 19abb6ba8a1af6985934a48f05fccd29ecc54926febdb8b3803f30134c518b34
  md5: 2e883c630979a183e23a510d470194e2
  depends:
  - __osx >=10.13
  - bzip2 >=1.0.8,<2.0a0
  - libexpat >=2.6.4,<3.0a0
  - libffi >=3.4,<4.0a0
  - liblzma >=5.6.4,<6.0a0
  - libmpdec >=4.0.0,<5.0a0
  - libsqlite >=3.48.0,<4.0a0
  - libzlib >=1.3.1,<2.0a0
  - ncurses >=6.5,<7.0a0
  - openssl >=3.4.1,<4.0a0
  - python_abi 3.13.* *_cp313
  - readline >=8.2,<9.0a0
  - tk >=8.6.13,<8.7.0a0
  - tzdata
  license: Python-2.0
  purls: []
  size: 13961675
  timestamp: 1739802065430
  python_site_packages_path: lib/python3.13/site-packages
- conda: https://conda.anaconda.org/conda-forge/osx-64/python_abi-3.13-5_cp313.conda
  build_number: 5
  sha256: 075ad768648e88b78d2a94099563b43d3082e7c35979f457164f26d1079b7b5c
  md5: 927a2186f1f997ac018d67c4eece90a6
  constrains:
  - python 3.13.* *_cp313
  license: BSD-3-Clause
  license_family: BSD
  purls: []
  size: 6291
  timestamp: 1723823083064
- conda: https://conda.anaconda.org/conda-forge/osx-64/readline-8.2-h7cca4af_2.conda
  sha256: 53017e80453c4c1d97aaf78369040418dea14cf8f46a2fa999f31bd70b36c877
  md5: 342570f8e02f2f022147a7f841475784
  depends:
  - ncurses >=6.5,<7.0a0
  license: GPL-3.0-only
  license_family: GPL
  purls: []
  size: 256712
  timestamp: 1740379577668
- conda: https://conda.anaconda.org/conda-forge/noarch/requests-2.32.3-pyhd8ed1ab_1.conda
  sha256: d701ca1136197aa121bbbe0e8c18db6b5c94acbd041c2b43c70e5ae104e1d8ad
  md5: a9b9368f3701a417eac9edbcae7cb737
  depends:
  - certifi >=2017.4.17
  - charset-normalizer >=2,<4
  - idna >=2.5,<4
  - python >=3.9
  - urllib3 >=1.21.1,<3
  constrains:
  - chardet >=3.0.2,<6
  license: Apache-2.0
  license_family: APACHE
  purls:
  - pkg:pypi/requests?source=hash-mapping
  size: 58723
  timestamp: 1733217126197
- pypi: https://files.pythonhosted.org/packages/d8/8f/71ccc3642edb59efaca35d4ba974248b1d7847f5e4d87d3ea323e73b2cab/shiboken6-6.8.2.1-cp39-abi3-macosx_12_0_universal2.whl
  name: shiboken6
  version: 6.8.2.1
  sha256: d3dedeb3732ecfc920c9f97da769c0022a1c3bda99346a9eba56fbf093deaa75
  requires_python: '>=3.9,<3.14'
- pypi: .
  name: so100-mujoco-sim
  version: 0.1.0
  sha256: 084e47f0324ba1865eca06833a84f66075f6d8914446830f105fcbfb34132ff4
  requires_python: '>=3.11'
  editable: true
- conda: https://conda.anaconda.org/conda-forge/osx-64/tk-8.6.13-h1abcd95_1.conda
  sha256: 30412b2e9de4ff82d8c2a7e5d06a15f4f4fef1809a72138b6ccb53a33b26faf5
  md5: bf830ba5afc507c6232d4ef0fb1a882d
  depends:
  - libzlib >=1.2.13,<2.0.0a0
  license: TCL
  license_family: BSD
  purls: []
  size: 3270220
  timestamp: 1699202389792
- pypi: https://files.pythonhosted.org/packages/26/9f/ad63fc0248c5379346306f8668cda6e2e2e9c95e01216d2b8ffd9ff037d0/typing_extensions-4.12.2-py3-none-any.whl
  name: typing-extensions
  version: 4.12.2
  sha256: 04e5ca0351e0f3f85c6853954072df659d0d13fac324d0072316b67d7794700d
  requires_python: '>=3.8'
- conda: https://conda.anaconda.org/conda-forge/noarch/tzdata-2025a-h78e105d_0.conda
  sha256: c4b1ae8a2931fe9b274c44af29c5475a85b37693999f8c792dad0f8c6734b1de
  md5: dbcace4706afdfb7eb891f7b37d07c04
  license: LicenseRef-Public-Domain
  purls: []
  size: 122921
  timestamp: 1737119101255
- conda: https://conda.anaconda.org/conda-forge/noarch/urllib3-2.3.0-pyhd8ed1ab_0.conda
  sha256: 114919ffa80c328127dab9c8e7a38f9d563c617691fb81fccb11c1e86763727e
  md5: 32674f8dbfb7b26410ed580dd3c10a29
  depends:
  - brotli-python >=1.0.9
  - h2 >=4,<5
  - pysocks >=1.5.6,<2.0,!=1.5.7
  - python >=3.9
  - zstandard >=0.18.0
  license: MIT
  license_family: MIT
  purls:
  - pkg:pypi/urllib3?source=hash-mapping
  size: 100102
  timestamp: 1734859520452
- pypi: https://files.pythonhosted.org/packages/b7/1a/7e4798e9339adc931158c9d69ecc34f5e6791489d469f5e50ec15e35f458/zipp-3.21.0-py3-none-any.whl
  name: zipp
  version: 3.21.0
  sha256: ac1bbe05fd2991f160ebce24ffbac5f6d11d83dc90891255885223d42b3cd931
  requires_dist:
  - pytest-checkdocs>=2.4 ; extra == 'check'
  - pytest-ruff>=0.2.1 ; sys_platform != 'cygwin' and extra == 'check'
  - pytest-cov ; extra == 'cover'
  - sphinx>=3.5 ; extra == 'doc'
  - jaraco-packaging>=9.3 ; extra == 'doc'
  - rst-linker>=1.9 ; extra == 'doc'
  - furo ; extra == 'doc'
  - sphinx-lint ; extra == 'doc'
  - jaraco-tidelift>=1.4 ; extra == 'doc'
  - pytest-enabler>=2.2 ; extra == 'enabler'
  - pytest>=6,!=8.1.* ; extra == 'test'
  - jaraco-itertools ; extra == 'test'
  - jaraco-functools ; extra == 'test'
  - more-itertools ; extra == 'test'
  - big-o ; extra == 'test'
  - pytest-ignore-flaky ; extra == 'test'
  - jaraco-test ; extra == 'test'
  - importlib-resources ; python_full_version < '3.9' and extra == 'test'
  - pytest-mypy ; extra == 'type'
  requires_python: '>=3.9'
- conda: https://conda.anaconda.org/conda-forge/osx-64/zstandard-0.23.0-py313h63b0ddb_1.conda
  sha256: 4b975a1ecff7947ec6fa365f01e363a0cb2521e5ef97c1561e85b7daea8581dd
  md5: f00530abdc6e3dba5ae003598c8fb8a1
  depends:
  - __osx >=10.13
  - cffi >=1.11
  - python >=3.13,<3.14.0a0
  - python_abi 3.13.* *_cp313
  license: BSD-3-Clause
  license_family: BSD
  purls:
  - pkg:pypi/zstandard?source=compressed-mapping
  size: 692765
  timestamp: 1741853628130
